// !$*UTF8*$!
{
	archiveVersion = 1;
	classes = {
	};
	objectVersion = 54;
	objects = {

/* Begin PBXBuildFile section */
		2C743E5DB9C951A6159DFC9D /* libPods-JustApp.a in Frameworks */ = {isa = PBXBuildFile; fileRef = DBA920BE08F8E7A3123A44A9 /* libPods-JustApp.a */; };
		DE20E5191898338A00EA2F68 /* EKMenuTableViewProvider.m in Sources */ = {isa = PBXBuildFile; fileRef = DE20E5181898338A00EA2F68 /* EKMenuTableViewProvider.m */; };
		DE20E51C18983ED100EA2F68 /* EKCameraViewController.m in Sources */ = {isa = PBXBuildFile; fileRef = DE20E51B18983ED100EA2F68 /* EKCameraViewController.m */; };
		DE20E51F189841B600EA2F68 /* MMDrawerVisualStateManager.m in Sources */ = {isa = PBXBuildFile; fileRef = DE20E51D189841B600EA2F68 /* MMDrawerVisualStateManager.m */; };
		DE59FBB5189E7F56009ED9B0 /* EKContactsViewController.m in Sources */ = {isa = PBXBuildFile; fileRef = DE59FBB4189E7F56009ED9B0 /* EKContactsViewController.m */; };
		DE59FBB8189E7FBC009ED9B0 /* EKContactsView.m in Sources */ = {isa = PBXBuildFile; fileRef = DE59FBB7189E7FBC009ED9B0 /* EKContactsView.m */; };
		DE59FBBB189E801D009ED9B0 /* EKContactsTableViewProvider.m in Sources */ = {isa = PBXBuildFile; fileRef = DE59FBBA189E801D009ED9B0 /* EKContactsTableViewProvider.m */; };
		DE68014B189E84B4004EB0DF /* EKContactsCell.m in Sources */ = {isa = PBXBuildFile; fileRef = DE68014A189E84B4004EB0DF /* EKContactsCell.m */; };
		DE6945E4189807A400E4E961 /* Foundation.framework in Frameworks */ = {isa = PBXBuildFile; fileRef = DE6945E3189807A400E4E961 /* Foundation.framework */; };
		DE6945E6189807A400E4E961 /* CoreGraphics.framework in Frameworks */ = {isa = PBXBuildFile; fileRef = DE6945E5189807A400E4E961 /* CoreGraphics.framework */; };
		DE6945E8189807A400E4E961 /* UIKit.framework in Frameworks */ = {isa = PBXBuildFile; fileRef = DE6945E7189807A400E4E961 /* UIKit.framework */; };
		DE6945F0189807A400E4E961 /* main.m in Sources */ = {isa = PBXBuildFile; fileRef = DE6945EF189807A400E4E961 /* main.m */; };
		DE6945F6189807A400E4E961 /* Images.xcassets in Resources */ = {isa = PBXBuildFile; fileRef = DE6945F5189807A400E4E961 /* Images.xcassets */; };
		DE6945FD189807A400E4E961 /* XCTest.framework in Frameworks */ = {isa = PBXBuildFile; fileRef = DE6945FC189807A400E4E961 /* XCTest.framework */; };
		DE6945FE189807A400E4E961 /* Foundation.framework in Frameworks */ = {isa = PBXBuildFile; fileRef = DE6945E3189807A400E4E961 /* Foundation.framework */; };
		DE6945FF189807A400E4E961 /* UIKit.framework in Frameworks */ = {isa = PBXBuildFile; fileRef = DE6945E7189807A400E4E961 /* UIKit.framework */; };
		DE694607189807A400E4E961 /* InfoPlist.strings in Resources */ = {isa = PBXBuildFile; fileRef = DE694605189807A400E4E961 /* InfoPlist.strings */; };
		DE694609189807A400E4E961 /* JustAppTests.m in Sources */ = {isa = PBXBuildFile; fileRef = DE694608189807A400E4E961 /* JustAppTests.m */; };
		DE78B8B0189DDC7F00740F12 /* EKMusicPlayer.m in Sources */ = {isa = PBXBuildFile; fileRef = DE78B8AF189DDC7F00740F12 /* EKMusicPlayer.m */; };
		DE78B8B1189DE11F00740F12 /* AVFoundation.framework in Frameworks */ = {isa = PBXBuildFile; fileRef = DE92CB9D18993D38000CA82E /* AVFoundation.framework */; };
		DE92CBA118994A41000CA82E /* EKCameraView.m in Sources */ = {isa = PBXBuildFile; fileRef = DE92CBA018994A41000CA82E /* EKCameraView.m */; };
		DE92CBA418994D73000CA82E /* EKCameraControl.m in Sources */ = {isa = PBXBuildFile; fileRef = DE92CBA318994D73000CA82E /* EKCameraControl.m */; };
		DE92CBA718999BAA000CA82E /* EKFontsUtil.m in Sources */ = {isa = PBXBuildFile; fileRef = DE92CBA618999BAA000CA82E /* EKFontsUtil.m */; };
		DE92CBAA1899B1F6000CA82E /* EKCameraOverlayView.m in Sources */ = {isa = PBXBuildFile; fileRef = DE92CBA91899B1F6000CA82E /* EKCameraOverlayView.m */; };
		DE92CBAD1899CA21000CA82E /* EKFocusFrameView.m in Sources */ = {isa = PBXBuildFile; fileRef = DE92CBAC1899CA21000CA82E /* EKFocusFrameView.m */; };
		DE9EA319189D0A9100E39469 /* InfoPlist.strings in Resources */ = {isa = PBXBuildFile; fileRef = DE9EA30D189D0A9100E39469 /* InfoPlist.strings */; };
		DE9EA31A189D0A9100E39469 /* Localizable.strings in Resources */ = {isa = PBXBuildFile; fileRef = DE9EA30F189D0A9100E39469 /* Localizable.strings */; };
		DE9EA31B189D0A9100E39469 /* Eminem - Rhianna.mp3 in Resources */ = {isa = PBXBuildFile; fileRef = DE9EA314189D0A9100E39469 /* Eminem - Rhianna.mp3 */; };
		DE9EA31C189D0A9100E39469 /* LMFAO - Party Rock Anthem.mp3 in Resources */ = {isa = PBXBuildFile; fileRef = DE9EA315189D0A9100E39469 /* LMFAO - Party Rock Anthem.mp3 */; };
		DE9EA31D189D0A9100E39469 /* LMFAO - Sexy & I know it.mp3 in Resources */ = {isa = PBXBuildFile; fileRef = DE9EA316189D0A9100E39469 /* LMFAO - Sexy & I know it.mp3 */; };
		DE9EA31E189D0A9100E39469 /* Pink panther theme.mp3 in Resources */ = {isa = PBXBuildFile; fileRef = DE9EA317189D0A9100E39469 /* Pink panther theme.mp3 */; };
		DE9EA31F189D0A9100E39469 /* Tarantella dance.mp3 in Resources */ = {isa = PBXBuildFile; fileRef = DE9EA318189D0A9100E39469 /* Tarantella dance.mp3 */; };
		DE9EA322189D109000E39469 /* EKFileSystemUtil.m in Sources */ = {isa = PBXBuildFile; fileRef = DE9EA321189D109000E39469 /* EKFileSystemUtil.m */; };
		DE9EA332189D6EE400E39469 /* EKSongCell.m in Sources */ = {isa = PBXBuildFile; fileRef = DE9EA331189D6EE400E39469 /* EKSongCell.m */; };
		DE9EA33D189DA71F00E39469 /* EKMusicPlayerViewController.m in Sources */ = {isa = PBXBuildFile; fileRef = DE9EA33C189DA71F00E39469 /* EKMusicPlayerViewController.m */; };
		DE9EA340189DAC5500E39469 /* EKMusicPlayerView.m in Sources */ = {isa = PBXBuildFile; fileRef = DE9EA33F189DAC5500E39469 /* EKMusicPlayerView.m */; };
		DE9EA343189DAE3D00E39469 /* EKMusicPlayerTableViewProvider.m in Sources */ = {isa = PBXBuildFile; fileRef = DE9EA342189DAE3D00E39469 /* EKMusicPlayerTableViewProvider.m */; };
		DEA33AC9189BA90A000D2DBF /* EKLocation.m in Sources */ = {isa = PBXBuildFile; fileRef = DEA33AC8189BA90A000D2DBF /* EKLocation.m */; };
		DEA33ACC189BE452000D2DBF /* PSLocationManager.m in Sources */ = {isa = PBXBuildFile; fileRef = DEA33ACB189BE452000D2DBF /* PSLocationManager.m */; };
		DEA33ACF189BFEC9000D2DBF /* EKDashboardView.m in Sources */ = {isa = PBXBuildFile; fileRef = DEA33ACE189BFEC9000D2DBF /* EKDashboardView.m */; };
		DEC33B1E189B0074005A9E67 /* CoreLocation.framework in Frameworks */ = {isa = PBXBuildFile; fileRef = DEC33B1D189B0074005A9E67 /* CoreLocation.framework */; };
		DEC33B20189B007B005A9E67 /* MapKit.framework in Frameworks */ = {isa = PBXBuildFile; fileRef = DEC33B1F189B007B005A9E67 /* MapKit.framework */; };
		DEC33B23189B0560005A9E67 /* EKMapViewController.m in Sources */ = {isa = PBXBuildFile; fileRef = DEC33B22189B0560005A9E67 /* EKMapViewController.m */; };
		DEC33B26189B10D3005A9E67 /* EKMapView.m in Sources */ = {isa = PBXBuildFile; fileRef = DEC33B25189B10D3005A9E67 /* EKMapView.m */; };
		DEC95A4D189EEA6C004A6007 /* AddressBook.framework in Frameworks */ = {isa = PBXBuildFile; fileRef = DEC95A4C189EEA6C004A6007 /* AddressBook.framework */; };
		DEC95A53189F04A7004A6007 /* EKAddressBookUtil.m in Sources */ = {isa = PBXBuildFile; fileRef = DEC95A52189F04A7004A6007 /* EKAddressBookUtil.m */; };
		DEC95A56189F04DD004A6007 /* EKPerson.m in Sources */ = {isa = PBXBuildFile; fileRef = DEC95A55189F04DD004A6007 /* EKPerson.m */; };
		DEC95A5C189F76EA004A6007 /* EKGalleryCell.m in Sources */ = {isa = PBXBuildFile; fileRef = DEC95A5B189F76EA004A6007 /* EKGalleryCell.m */; };
		DEC95A5F189F790A004A6007 /* EKGalleryViewController.m in Sources */ = {isa = PBXBuildFile; fileRef = DEC95A5E189F790A004A6007 /* EKGalleryViewController.m */; };
		DEC95A62189F8AA5004A6007 /* EKSettingsViewController.m in Sources */ = {isa = PBXBuildFile; fileRef = DEC95A61189F8AA5004A6007 /* EKSettingsViewController.m */; };
		DED2B5AF189826780086CD5F /* EKAppDelegate.m in Sources */ = {isa = PBXBuildFile; fileRef = DED2B5AC189826780086CD5F /* EKAppDelegate.m */; };
		DED2B5B2189828BE0086CD5F /* EKMenuViewController.m in Sources */ = {isa = PBXBuildFile; fileRef = DED2B5B1189828BE0086CD5F /* EKMenuViewController.m */; };
		DED2B5B5189829270086CD5F /* EKMenuView.m in Sources */ = {isa = PBXBuildFile; fileRef = DED2B5B4189829270086CD5F /* EKMenuView.m */; };
		DED2B5B818982BFA0086CD5F /* EKMenuCell.m in Sources */ = {isa = PBXBuildFile; fileRef = DED2B5B618982BFA0086CD5F /* EKMenuCell.m */; };
		DEE648C5189A82E700633822 /* EKImagePickerController.m in Sources */ = {isa = PBXBuildFile; fileRef = DEE648C4189A82E700633822 /* EKImagePickerController.m */; };
		DEE648C7189A9FD400633822 /* MobileCoreServices.framework in Frameworks */ = {isa = PBXBuildFile; fileRef = DEE648C6189A9FD400633822 /* MobileCoreServices.framework */; };
		DEE648CA189AC6FB00633822 /* EKImageProcessingUtil.m in Sources */ = {isa = PBXBuildFile; fileRef = DEE648C9189AC6FB00633822 /* EKImageProcessingUtil.m */; };
		DEE648CC189AD38E00633822 /* MediaPlayer.framework in Frameworks */ = {isa = PBXBuildFile; fileRef = DEE648CB189AD38E00633822 /* MediaPlayer.framework */; };
		DEE75F48189922B20072D03C /* EKLayoutUtil.m in Sources */ = {isa = PBXBuildFile; fileRef = DEE75F47189922B20072D03C /* EKLayoutUtil.m */; };
		E0800AD8F1F6A06679A96048 /* libPods-JustAppTests.a in Frameworks */ = {isa = PBXBuildFile; fileRef = 6EB2A091369E6CC1BD6AFABD /* libPods-JustAppTests.a */; };
/* End PBXBuildFile section */

/* Begin PBXContainerItemProxy section */
		DE694600189807A400E4E961 /* PBXContainerItemProxy */ = {
			isa = PBXContainerItemProxy;
			containerPortal = DE6945D8189807A400E4E961 /* Project object */;
			proxyType = 1;
			remoteGlobalIDString = DE6945DF189807A400E4E961;
			remoteInfo = JustApp;
		};
/* End PBXContainerItemProxy section */

/* Begin PBXFileReference section */
		2B065D93DE386AB09409DD81 /* Pods-JustAppTests.release.xcconfig */ = {isa = PBXFileReference; includeInIndex = 1; lastKnownFileType = text.xcconfig; name = "Pods-JustAppTests.release.xcconfig"; path = "Target Support Files/Pods-JustAppTests/Pods-JustAppTests.release.xcconfig"; sourceTree = "<group>"; };
		345A9C304F19FDEDA3BE0F24 /* Pods-JustApp.release.xcconfig */ = {isa = PBXFileReference; includeInIndex = 1; lastKnownFileType = text.xcconfig; name = "Pods-JustApp.release.xcconfig"; path = "Target Support Files/Pods-JustApp/Pods-JustApp.release.xcconfig"; sourceTree = "<group>"; };
		53B271AE9E997D16315DE318 /* Pods-JustAppTests.debug.xcconfig */ = {isa = PBXFileReference; includeInIndex = 1; lastKnownFileType = text.xcconfig; name = "Pods-JustAppTests.debug.xcconfig"; path = "Target Support Files/Pods-JustAppTests/Pods-JustAppTests.debug.xcconfig"; sourceTree = "<group>"; };
		6EB2A091369E6CC1BD6AFABD /* libPods-JustAppTests.a */ = {isa = PBXFileReference; explicitFileType = archive.ar; includeInIndex = 0; path = "libPods-JustAppTests.a"; sourceTree = BUILT_PRODUCTS_DIR; };
		DBA920BE08F8E7A3123A44A9 /* libPods-JustApp.a */ = {isa = PBXFileReference; explicitFileType = archive.ar; includeInIndex = 0; path = "libPods-JustApp.a"; sourceTree = BUILT_PRODUCTS_DIR; };
		DE20E5171898338A00EA2F68 /* EKMenuTableViewProvider.h */ = {isa = PBXFileReference; fileEncoding = 4; lastKnownFileType = sourcecode.c.h; path = EKMenuTableViewProvider.h; sourceTree = "<group>"; };
		DE20E5181898338A00EA2F68 /* EKMenuTableViewProvider.m */ = {isa = PBXFileReference; fileEncoding = 4; lastKnownFileType = sourcecode.c.objc; path = EKMenuTableViewProvider.m; sourceTree = "<group>"; };
		DE20E51A18983ED100EA2F68 /* EKCameraViewController.h */ = {isa = PBXFileReference; fileEncoding = 4; lastKnownFileType = sourcecode.c.h; path = EKCameraViewController.h; sourceTree = "<group>"; };
		DE20E51B18983ED100EA2F68 /* EKCameraViewController.m */ = {isa = PBXFileReference; fileEncoding = 4; lastKnownFileType = sourcecode.c.objc; path = EKCameraViewController.m; sourceTree = "<group>"; };
		DE20E51D189841B600EA2F68 /* MMDrawerVisualStateManager.m */ = {isa = PBXFileReference; fileEncoding = 4; lastKnownFileType = sourcecode.c.objc; path = MMDrawerVisualStateManager.m; sourceTree = "<group>"; };
		DE20E51E189841B600EA2F68 /* MMDrawerVisualStateManager.h */ = {isa = PBXFileReference; fileEncoding = 4; lastKnownFileType = sourcecode.c.h; path = MMDrawerVisualStateManager.h; sourceTree = "<group>"; };
		DE59FBB3189E7F56009ED9B0 /* EKContactsViewController.h */ = {isa = PBXFileReference; fileEncoding = 4; lastKnownFileType = sourcecode.c.h; path = EKContactsViewController.h; sourceTree = "<group>"; };
		DE59FBB4189E7F56009ED9B0 /* EKContactsViewController.m */ = {isa = PBXFileReference; fileEncoding = 4; lastKnownFileType = sourcecode.c.objc; path = EKContactsViewController.m; sourceTree = "<group>"; };
		DE59FBB6189E7FBC009ED9B0 /* EKContactsView.h */ = {isa = PBXFileReference; fileEncoding = 4; lastKnownFileType = sourcecode.c.h; path = EKContactsView.h; sourceTree = "<group>"; };
		DE59FBB7189E7FBC009ED9B0 /* EKContactsView.m */ = {isa = PBXFileReference; fileEncoding = 4; lastKnownFileType = sourcecode.c.objc; path = EKContactsView.m; sourceTree = "<group>"; };
		DE59FBB9189E801D009ED9B0 /* EKContactsTableViewProvider.h */ = {isa = PBXFileReference; fileEncoding = 4; lastKnownFileType = sourcecode.c.h; path = EKContactsTableViewProvider.h; sourceTree = "<group>"; };
		DE59FBBA189E801D009ED9B0 /* EKContactsTableViewProvider.m */ = {isa = PBXFileReference; fileEncoding = 4; lastKnownFileType = sourcecode.c.objc; path = EKContactsTableViewProvider.m; sourceTree = "<group>"; };
		DE680149189E84B4004EB0DF /* EKContactsCell.h */ = {isa = PBXFileReference; fileEncoding = 4; lastKnownFileType = sourcecode.c.h; path = EKContactsCell.h; sourceTree = "<group>"; };
		DE68014A189E84B4004EB0DF /* EKContactsCell.m */ = {isa = PBXFileReference; fileEncoding = 4; lastKnownFileType = sourcecode.c.objc; path = EKContactsCell.m; sourceTree = "<group>"; };
		DE6945E0189807A400E4E961 /* JustApp.app */ = {isa = PBXFileReference; explicitFileType = wrapper.application; includeInIndex = 0; path = JustApp.app; sourceTree = BUILT_PRODUCTS_DIR; };
		DE6945E3189807A400E4E961 /* Foundation.framework */ = {isa = PBXFileReference; lastKnownFileType = wrapper.framework; name = Foundation.framework; path = System/Library/Frameworks/Foundation.framework; sourceTree = SDKROOT; };
		DE6945E5189807A400E4E961 /* CoreGraphics.framework */ = {isa = PBXFileReference; lastKnownFileType = wrapper.framework; name = CoreGraphics.framework; path = System/Library/Frameworks/CoreGraphics.framework; sourceTree = SDKROOT; };
		DE6945E7189807A400E4E961 /* UIKit.framework */ = {isa = PBXFileReference; lastKnownFileType = wrapper.framework; name = UIKit.framework; path = System/Library/Frameworks/UIKit.framework; sourceTree = SDKROOT; };
		DE6945EB189807A400E4E961 /* JustApp-Info.plist */ = {isa = PBXFileReference; lastKnownFileType = text.plist.xml; path = "JustApp-Info.plist"; sourceTree = "<group>"; };
		DE6945EF189807A400E4E961 /* main.m */ = {isa = PBXFileReference; lastKnownFileType = sourcecode.c.objc; path = main.m; sourceTree = "<group>"; };
		DE6945F1189807A400E4E961 /* JustApp-Prefix.pch */ = {isa = PBXFileReference; lastKnownFileType = sourcecode.c.h; path = "JustApp-Prefix.pch"; sourceTree = "<group>"; };
		DE6945F5189807A400E4E961 /* Images.xcassets */ = {isa = PBXFileReference; lastKnownFileType = folder.assetcatalog; path = Images.xcassets; sourceTree = "<group>"; };
		DE6945FB189807A400E4E961 /* JustAppTests.xctest */ = {isa = PBXFileReference; explicitFileType = wrapper.cfbundle; includeInIndex = 0; path = JustAppTests.xctest; sourceTree = BUILT_PRODUCTS_DIR; };
		DE6945FC189807A400E4E961 /* XCTest.framework */ = {isa = PBXFileReference; lastKnownFileType = wrapper.framework; name = XCTest.framework; path = Library/Frameworks/XCTest.framework; sourceTree = DEVELOPER_DIR; };
		DE694604189807A400E4E961 /* JustAppTests-Info.plist */ = {isa = PBXFileReference; lastKnownFileType = text.plist.xml; path = "JustAppTests-Info.plist"; sourceTree = "<group>"; };
		DE694606189807A400E4E961 /* en */ = {isa = PBXFileReference; lastKnownFileType = text.plist.strings; name = en; path = en.lproj/InfoPlist.strings; sourceTree = "<group>"; };
		DE694608189807A400E4E961 /* JustAppTests.m */ = {isa = PBXFileReference; lastKnownFileType = sourcecode.c.objc; path = JustAppTests.m; sourceTree = "<group>"; };
		DE78B8AE189DDC7F00740F12 /* EKMusicPlayer.h */ = {isa = PBXFileReference; fileEncoding = 4; lastKnownFileType = sourcecode.c.h; path = EKMusicPlayer.h; sourceTree = "<group>"; };
		DE78B8AF189DDC7F00740F12 /* EKMusicPlayer.m */ = {isa = PBXFileReference; fileEncoding = 4; lastKnownFileType = sourcecode.c.objc; path = EKMusicPlayer.m; sourceTree = "<group>"; };
		DE92CB9D18993D38000CA82E /* AVFoundation.framework */ = {isa = PBXFileReference; lastKnownFileType = wrapper.framework; name = AVFoundation.framework; path = System/Library/Frameworks/AVFoundation.framework; sourceTree = SDKROOT; };
		DE92CB9F18994A41000CA82E /* EKCameraView.h */ = {isa = PBXFileReference; fileEncoding = 4; lastKnownFileType = sourcecode.c.h; path = EKCameraView.h; sourceTree = "<group>"; };
		DE92CBA018994A41000CA82E /* EKCameraView.m */ = {isa = PBXFileReference; fileEncoding = 4; lastKnownFileType = sourcecode.c.objc; path = EKCameraView.m; sourceTree = "<group>"; };
		DE92CBA218994D73000CA82E /* EKCameraControl.h */ = {isa = PBXFileReference; fileEncoding = 4; lastKnownFileType = sourcecode.c.h; path = EKCameraControl.h; sourceTree = "<group>"; };
		DE92CBA318994D73000CA82E /* EKCameraControl.m */ = {isa = PBXFileReference; fileEncoding = 4; lastKnownFileType = sourcecode.c.objc; path = EKCameraControl.m; sourceTree = "<group>"; };
		DE92CBA518999BAA000CA82E /* EKFontsUtil.h */ = {isa = PBXFileReference; fileEncoding = 4; lastKnownFileType = sourcecode.c.h; path = EKFontsUtil.h; sourceTree = "<group>"; };
		DE92CBA618999BAA000CA82E /* EKFontsUtil.m */ = {isa = PBXFileReference; fileEncoding = 4; lastKnownFileType = sourcecode.c.objc; path = EKFontsUtil.m; sourceTree = "<group>"; };
		DE92CBA81899B1F6000CA82E /* EKCameraOverlayView.h */ = {isa = PBXFileReference; fileEncoding = 4; lastKnownFileType = sourcecode.c.h; path = EKCameraOverlayView.h; sourceTree = "<group>"; };
		DE92CBA91899B1F6000CA82E /* EKCameraOverlayView.m */ = {isa = PBXFileReference; fileEncoding = 4; lastKnownFileType = sourcecode.c.objc; path = EKCameraOverlayView.m; sourceTree = "<group>"; };
		DE92CBAB1899CA21000CA82E /* EKFocusFrameView.h */ = {isa = PBXFileReference; fileEncoding = 4; lastKnownFileType = sourcecode.c.h; path = EKFocusFrameView.h; sourceTree = "<group>"; };
		DE92CBAC1899CA21000CA82E /* EKFocusFrameView.m */ = {isa = PBXFileReference; fileEncoding = 4; lastKnownFileType = sourcecode.c.objc; path = EKFocusFrameView.m; sourceTree = "<group>"; };
		DE9EA30E189D0A9100E39469 /* en */ = {isa = PBXFileReference; lastKnownFileType = text.plist.strings; name = en; path = en.lproj/InfoPlist.strings; sourceTree = "<group>"; };
		DE9EA310189D0A9100E39469 /* en */ = {isa = PBXFileReference; lastKnownFileType = text.plist.strings; name = en; path = en.lproj/Localizable.strings; sourceTree = "<group>"; };
		DE9EA311189D0A9100E39469 /* ru */ = {isa = PBXFileReference; lastKnownFileType = text.plist.strings; name = ru; path = ru.lproj/InfoPlist.strings; sourceTree = "<group>"; };
		DE9EA312189D0A9100E39469 /* ru */ = {isa = PBXFileReference; lastKnownFileType = text.plist.strings; name = ru; path = ru.lproj/Localizable.strings; sourceTree = "<group>"; };
		DE9EA314189D0A9100E39469 /* Eminem - Rhianna.mp3 */ = {isa = PBXFileReference; lastKnownFileType = audio.mp3; path = "Eminem - Rhianna.mp3"; sourceTree = "<group>"; };
		DE9EA315189D0A9100E39469 /* LMFAO - Party Rock Anthem.mp3 */ = {isa = PBXFileReference; lastKnownFileType = audio.mp3; path = "LMFAO - Party Rock Anthem.mp3"; sourceTree = "<group>"; };
		DE9EA316189D0A9100E39469 /* LMFAO - Sexy & I know it.mp3 */ = {isa = PBXFileReference; lastKnownFileType = audio.mp3; path = "LMFAO - Sexy & I know it.mp3"; sourceTree = "<group>"; };
		DE9EA317189D0A9100E39469 /* Pink panther theme.mp3 */ = {isa = PBXFileReference; lastKnownFileType = audio.mp3; path = "Pink panther theme.mp3"; sourceTree = "<group>"; };
		DE9EA318189D0A9100E39469 /* Tarantella dance.mp3 */ = {isa = PBXFileReference; lastKnownFileType = audio.mp3; path = "Tarantella dance.mp3"; sourceTree = "<group>"; };
		DE9EA320189D109000E39469 /* EKFileSystemUtil.h */ = {isa = PBXFileReference; fileEncoding = 4; lastKnownFileType = sourcecode.c.h; path = EKFileSystemUtil.h; sourceTree = "<group>"; };
		DE9EA321189D109000E39469 /* EKFileSystemUtil.m */ = {isa = PBXFileReference; fileEncoding = 4; lastKnownFileType = sourcecode.c.objc; path = EKFileSystemUtil.m; sourceTree = "<group>"; };
		DE9EA330189D6EE400E39469 /* EKSongCell.h */ = {isa = PBXFileReference; fileEncoding = 4; lastKnownFileType = sourcecode.c.h; path = EKSongCell.h; sourceTree = "<group>"; };
		DE9EA331189D6EE400E39469 /* EKSongCell.m */ = {isa = PBXFileReference; fileEncoding = 4; lastKnownFileType = sourcecode.c.objc; path = EKSongCell.m; sourceTree = "<group>"; };
		DE9EA33B189DA71F00E39469 /* EKMusicPlayerViewController.h */ = {isa = PBXFileReference; fileEncoding = 4; lastKnownFileType = sourcecode.c.h; path = EKMusicPlayerViewController.h; sourceTree = "<group>"; };
		DE9EA33C189DA71F00E39469 /* EKMusicPlayerViewController.m */ = {isa = PBXFileReference; fileEncoding = 4; lastKnownFileType = sourcecode.c.objc; path = EKMusicPlayerViewController.m; sourceTree = "<group>"; };
		DE9EA33E189DAC5500E39469 /* EKMusicPlayerView.h */ = {isa = PBXFileReference; fileEncoding = 4; lastKnownFileType = sourcecode.c.h; path = EKMusicPlayerView.h; sourceTree = "<group>"; };
		DE9EA33F189DAC5500E39469 /* EKMusicPlayerView.m */ = {isa = PBXFileReference; fileEncoding = 4; lastKnownFileType = sourcecode.c.objc; path = EKMusicPlayerView.m; sourceTree = "<group>"; };
		DE9EA341189DAE3D00E39469 /* EKMusicPlayerTableViewProvider.h */ = {isa = PBXFileReference; fileEncoding = 4; lastKnownFileType = sourcecode.c.h; path = EKMusicPlayerTableViewProvider.h; sourceTree = "<group>"; };
		DE9EA342189DAE3D00E39469 /* EKMusicPlayerTableViewProvider.m */ = {isa = PBXFileReference; fileEncoding = 4; lastKnownFileType = sourcecode.c.objc; path = EKMusicPlayerTableViewProvider.m; sourceTree = "<group>"; };
		DEA33AC7189BA90A000D2DBF /* EKLocation.h */ = {isa = PBXFileReference; fileEncoding = 4; lastKnownFileType = sourcecode.c.h; path = EKLocation.h; sourceTree = "<group>"; };
		DEA33AC8189BA90A000D2DBF /* EKLocation.m */ = {isa = PBXFileReference; fileEncoding = 4; lastKnownFileType = sourcecode.c.objc; path = EKLocation.m; sourceTree = "<group>"; };
		DEA33ACA189BE452000D2DBF /* PSLocationManager.h */ = {isa = PBXFileReference; fileEncoding = 4; lastKnownFileType = sourcecode.c.h; path = PSLocationManager.h; sourceTree = "<group>"; };
		DEA33ACB189BE452000D2DBF /* PSLocationManager.m */ = {isa = PBXFileReference; fileEncoding = 4; lastKnownFileType = sourcecode.c.objc; path = PSLocationManager.m; sourceTree = "<group>"; };
		DEA33ACD189BFEC9000D2DBF /* EKDashboardView.h */ = {isa = PBXFileReference; fileEncoding = 4; lastKnownFileType = sourcecode.c.h; path = EKDashboardView.h; sourceTree = "<group>"; };
		DEA33ACE189BFEC9000D2DBF /* EKDashboardView.m */ = {isa = PBXFileReference; fileEncoding = 4; lastKnownFileType = sourcecode.c.objc; path = EKDashboardView.m; sourceTree = "<group>"; };
		DEA33ADD189C60FC000D2DBF /* ru */ = {isa = PBXFileReference; lastKnownFileType = text.plist.strings; name = ru; path = ru.lproj/InfoPlist.strings; sourceTree = "<group>"; };
		DEC33B1D189B0074005A9E67 /* CoreLocation.framework */ = {isa = PBXFileReference; lastKnownFileType = wrapper.framework; name = CoreLocation.framework; path = System/Library/Frameworks/CoreLocation.framework; sourceTree = SDKROOT; };
		DEC33B1F189B007B005A9E67 /* MapKit.framework */ = {isa = PBXFileReference; lastKnownFileType = wrapper.framework; name = MapKit.framework; path = System/Library/Frameworks/MapKit.framework; sourceTree = SDKROOT; };
		DEC33B21189B0560005A9E67 /* EKMapViewController.h */ = {isa = PBXFileReference; fileEncoding = 4; lastKnownFileType = sourcecode.c.h; path = EKMapViewController.h; sourceTree = "<group>"; };
		DEC33B22189B0560005A9E67 /* EKMapViewController.m */ = {isa = PBXFileReference; fileEncoding = 4; lastKnownFileType = sourcecode.c.objc; path = EKMapViewController.m; sourceTree = "<group>"; };
		DEC33B24189B10D3005A9E67 /* EKMapView.h */ = {isa = PBXFileReference; fileEncoding = 4; lastKnownFileType = sourcecode.c.h; path = EKMapView.h; sourceTree = "<group>"; };
		DEC33B25189B10D3005A9E67 /* EKMapView.m */ = {isa = PBXFileReference; fileEncoding = 4; lastKnownFileType = sourcecode.c.objc; path = EKMapView.m; sourceTree = "<group>"; };
		DEC95A4C189EEA6C004A6007 /* AddressBook.framework */ = {isa = PBXFileReference; lastKnownFileType = wrapper.framework; name = AddressBook.framework; path = System/Library/Frameworks/AddressBook.framework; sourceTree = SDKROOT; };
		DEC95A51189F04A7004A6007 /* EKAddressBookUtil.h */ = {isa = PBXFileReference; fileEncoding = 4; lastKnownFileType = sourcecode.c.h; path = EKAddressBookUtil.h; sourceTree = "<group>"; };
		DEC95A52189F04A7004A6007 /* EKAddressBookUtil.m */ = {isa = PBXFileReference; fileEncoding = 4; lastKnownFileType = sourcecode.c.objc; path = EKAddressBookUtil.m; sourceTree = "<group>"; };
		DEC95A54189F04DD004A6007 /* EKPerson.h */ = {isa = PBXFileReference; fileEncoding = 4; lastKnownFileType = sourcecode.c.h; path = EKPerson.h; sourceTree = "<group>"; };
		DEC95A55189F04DD004A6007 /* EKPerson.m */ = {isa = PBXFileReference; fileEncoding = 4; lastKnownFileType = sourcecode.c.objc; path = EKPerson.m; sourceTree = "<group>"; };
		DEC95A5A189F76EA004A6007 /* EKGalleryCell.h */ = {isa = PBXFileReference; fileEncoding = 4; lastKnownFileType = sourcecode.c.h; path = EKGalleryCell.h; sourceTree = "<group>"; };
		DEC95A5B189F76EA004A6007 /* EKGalleryCell.m */ = {isa = PBXFileReference; fileEncoding = 4; lastKnownFileType = sourcecode.c.objc; path = EKGalleryCell.m; sourceTree = "<group>"; };
		DEC95A5D189F790A004A6007 /* EKGalleryViewController.h */ = {isa = PBXFileReference; fileEncoding = 4; lastKnownFileType = sourcecode.c.h; path = EKGalleryViewController.h; sourceTree = "<group>"; };
		DEC95A5E189F790A004A6007 /* EKGalleryViewController.m */ = {isa = PBXFileReference; fileEncoding = 4; lastKnownFileType = sourcecode.c.objc; path = EKGalleryViewController.m; sourceTree = "<group>"; };
		DEC95A60189F8AA5004A6007 /* EKSettingsViewController.h */ = {isa = PBXFileReference; fileEncoding = 4; lastKnownFileType = sourcecode.c.h; path = EKSettingsViewController.h; sourceTree = "<group>"; };
		DEC95A61189F8AA5004A6007 /* EKSettingsViewController.m */ = {isa = PBXFileReference; fileEncoding = 4; lastKnownFileType = sourcecode.c.objc; path = EKSettingsViewController.m; sourceTree = "<group>"; };
		DED2B5AB189826780086CD5F /* EKAppDelegate.h */ = {isa = PBXFileReference; fileEncoding = 4; lastKnownFileType = sourcecode.c.h; path = EKAppDelegate.h; sourceTree = "<group>"; };
		DED2B5AC189826780086CD5F /* EKAppDelegate.m */ = {isa = PBXFileReference; fileEncoding = 4; lastKnownFileType = sourcecode.c.objc; path = EKAppDelegate.m; sourceTree = "<group>"; };
		DED2B5B0189828BE0086CD5F /* EKMenuViewController.h */ = {isa = PBXFileReference; fileEncoding = 4; lastKnownFileType = sourcecode.c.h; path = EKMenuViewController.h; sourceTree = "<group>"; };
		DED2B5B1189828BE0086CD5F /* EKMenuViewController.m */ = {isa = PBXFileReference; fileEncoding = 4; lastKnownFileType = sourcecode.c.objc; path = EKMenuViewController.m; sourceTree = "<group>"; };
		DED2B5B3189829270086CD5F /* EKMenuView.h */ = {isa = PBXFileReference; fileEncoding = 4; lastKnownFileType = sourcecode.c.h; path = EKMenuView.h; sourceTree = "<group>"; };
		DED2B5B4189829270086CD5F /* EKMenuView.m */ = {isa = PBXFileReference; fileEncoding = 4; lastKnownFileType = sourcecode.c.objc; path = EKMenuView.m; sourceTree = "<group>"; };
		DED2B5B618982BFA0086CD5F /* EKMenuCell.m */ = {isa = PBXFileReference; fileEncoding = 4; lastKnownFileType = sourcecode.c.objc; path = EKMenuCell.m; sourceTree = "<group>"; };
		DED2B5B718982BFA0086CD5F /* EKMenuCell.h */ = {isa = PBXFileReference; fileEncoding = 4; lastKnownFileType = sourcecode.c.h; path = EKMenuCell.h; sourceTree = "<group>"; };
		DED2B5BA18982D630086CD5F /* EKConstants.h */ = {isa = PBXFileReference; fileEncoding = 4; lastKnownFileType = sourcecode.c.h; path = EKConstants.h; sourceTree = "<group>"; };
		DEE648C3189A82E700633822 /* EKImagePickerController.h */ = {isa = PBXFileReference; fileEncoding = 4; lastKnownFileType = sourcecode.c.h; path = EKImagePickerController.h; sourceTree = "<group>"; };
		DEE648C4189A82E700633822 /* EKImagePickerController.m */ = {isa = PBXFileReference; fileEncoding = 4; lastKnownFileType = sourcecode.c.objc; path = EKImagePickerController.m; sourceTree = "<group>"; };
		DEE648C6189A9FD400633822 /* MobileCoreServices.framework */ = {isa = PBXFileReference; lastKnownFileType = wrapper.framework; name = MobileCoreServices.framework; path = System/Library/Frameworks/MobileCoreServices.framework; sourceTree = SDKROOT; };
		DEE648C8189AC6FB00633822 /* EKImageProcessingUtil.h */ = {isa = PBXFileReference; fileEncoding = 4; lastKnownFileType = sourcecode.c.h; path = EKImageProcessingUtil.h; sourceTree = "<group>"; };
		DEE648C9189AC6FB00633822 /* EKImageProcessingUtil.m */ = {isa = PBXFileReference; fileEncoding = 4; lastKnownFileType = sourcecode.c.objc; path = EKImageProcessingUtil.m; sourceTree = "<group>"; };
		DEE648CB189AD38E00633822 /* MediaPlayer.framework */ = {isa = PBXFileReference; lastKnownFileType = wrapper.framework; name = MediaPlayer.framework; path = System/Library/Frameworks/MediaPlayer.framework; sourceTree = SDKROOT; };
		DEE75F46189922B20072D03C /* EKLayoutUtil.h */ = {isa = PBXFileReference; fileEncoding = 4; lastKnownFileType = sourcecode.c.h; path = EKLayoutUtil.h; sourceTree = "<group>"; };
		DEE75F47189922B20072D03C /* EKLayoutUtil.m */ = {isa = PBXFileReference; fileEncoding = 4; lastKnownFileType = sourcecode.c.objc; path = EKLayoutUtil.m; sourceTree = "<group>"; };
		DF1CB50869DEFB56530657A5 /* Pods-JustApp.debug.xcconfig */ = {isa = PBXFileReference; includeInIndex = 1; lastKnownFileType = text.xcconfig; name = "Pods-JustApp.debug.xcconfig"; path = "Target Support Files/Pods-JustApp/Pods-JustApp.debug.xcconfig"; sourceTree = "<group>"; };
/* End PBXFileReference section */

/* Begin PBXFrameworksBuildPhase section */
		DE6945DD189807A400E4E961 /* Frameworks */ = {
			isa = PBXFrameworksBuildPhase;
			buildActionMask = 2147483647;
			files = (
				DEC95A4D189EEA6C004A6007 /* AddressBook.framework in Frameworks */,
				DE78B8B1189DE11F00740F12 /* AVFoundation.framework in Frameworks */,
				DEC33B20189B007B005A9E67 /* MapKit.framework in Frameworks */,
				DEC33B1E189B0074005A9E67 /* CoreLocation.framework in Frameworks */,
				DEE648CC189AD38E00633822 /* MediaPlayer.framework in Frameworks */,
				DEE648C7189A9FD400633822 /* MobileCoreServices.framework in Frameworks */,
				DE6945E6189807A400E4E961 /* CoreGraphics.framework in Frameworks */,
				DE6945E8189807A400E4E961 /* UIKit.framework in Frameworks */,
				DE6945E4189807A400E4E961 /* Foundation.framework in Frameworks */,
				2C743E5DB9C951A6159DFC9D /* libPods-JustApp.a in Frameworks */,
			);
			runOnlyForDeploymentPostprocessing = 0;
		};
		DE6945F8189807A400E4E961 /* Frameworks */ = {
			isa = PBXFrameworksBuildPhase;
			buildActionMask = 2147483647;
			files = (
				DE6945FD189807A400E4E961 /* XCTest.framework in Frameworks */,
				DE6945FF189807A400E4E961 /* UIKit.framework in Frameworks */,
				DE6945FE189807A400E4E961 /* Foundation.framework in Frameworks */,
				E0800AD8F1F6A06679A96048 /* libPods-JustAppTests.a in Frameworks */,
			);
			runOnlyForDeploymentPostprocessing = 0;
		};
/* End PBXFrameworksBuildPhase section */

/* Begin PBXGroup section */
		98D3E3DA2A6A747A6B05F54D /* Pods */ = {
			isa = PBXGroup;
			children = (
				DF1CB50869DEFB56530657A5 /* Pods-JustApp.debug.xcconfig */,
				345A9C304F19FDEDA3BE0F24 /* Pods-JustApp.release.xcconfig */,
				53B271AE9E997D16315DE318 /* Pods-JustAppTests.debug.xcconfig */,
				2B065D93DE386AB09409DD81 /* Pods-JustAppTests.release.xcconfig */,
			);
			path = Pods;
			sourceTree = "<group>";
		};
		DE6945D7189807A400E4E961 = {
			isa = PBXGroup;
			children = (
				DE6945E9189807A400E4E961 /* JustApp */,
				DE694602189807A400E4E961 /* JustAppTests */,
				DE6945E2189807A400E4E961 /* Frameworks */,
				DE6945E1189807A400E4E961 /* Products */,
				98D3E3DA2A6A747A6B05F54D /* Pods */,
			);
			sourceTree = "<group>";
		};
		DE6945E1189807A400E4E961 /* Products */ = {
			isa = PBXGroup;
			children = (
				DE6945E0189807A400E4E961 /* JustApp.app */,
				DE6945FB189807A400E4E961 /* JustAppTests.xctest */,
			);
			name = Products;
			sourceTree = "<group>";
		};
		DE6945E2189807A400E4E961 /* Frameworks */ = {
			isa = PBXGroup;
			children = (
				DEC95A4C189EEA6C004A6007 /* AddressBook.framework */,
				DEC33B1F189B007B005A9E67 /* MapKit.framework */,
				DEC33B1D189B0074005A9E67 /* CoreLocation.framework */,
				DEE648CB189AD38E00633822 /* MediaPlayer.framework */,
				DEE648C6189A9FD400633822 /* MobileCoreServices.framework */,
				DE92CB9D18993D38000CA82E /* AVFoundation.framework */,
				DE6945E3189807A400E4E961 /* Foundation.framework */,
				DE6945E5189807A400E4E961 /* CoreGraphics.framework */,
				DE6945E7189807A400E4E961 /* UIKit.framework */,
				DE6945FC189807A400E4E961 /* XCTest.framework */,
				DBA920BE08F8E7A3123A44A9 /* libPods-JustApp.a */,
				6EB2A091369E6CC1BD6AFABD /* libPods-JustAppTests.a */,
			);
			name = Frameworks;
			sourceTree = "<group>";
		};
		DE6945E9189807A400E4E961 /* JustApp */ = {
			isa = PBXGroup;
			children = (
				DED2B5A9189826780086CD5F /* Classes */,
				DE6945F5189807A400E4E961 /* Images.xcassets */,
				DE6945EA189807A400E4E961 /* Supporting Files */,
				DE9EA30C189D0A9100E39469 /* Resourses */,
			);
			path = JustApp;
			sourceTree = "<group>";
		};
		DE6945EA189807A400E4E961 /* Supporting Files */ = {
			isa = PBXGroup;
			children = (
				DE6945EB189807A400E4E961 /* JustApp-Info.plist */,
				DE6945EF189807A400E4E961 /* main.m */,
				DE6945F1189807A400E4E961 /* JustApp-Prefix.pch */,
			);
			name = "Supporting Files";
			sourceTree = "<group>";
		};
		DE694602189807A400E4E961 /* JustAppTests */ = {
			isa = PBXGroup;
			children = (
				DE694608189807A400E4E961 /* JustAppTests.m */,
				DE694603189807A400E4E961 /* Supporting Files */,
			);
			path = JustAppTests;
			sourceTree = "<group>";
		};
		DE694603189807A400E4E961 /* Supporting Files */ = {
			isa = PBXGroup;
			children = (
				DE694604189807A400E4E961 /* JustAppTests-Info.plist */,
				DE694605189807A400E4E961 /* InfoPlist.strings */,
			);
			name = "Supporting Files";
			sourceTree = "<group>";
		};
		DE9EA30C189D0A9100E39469 /* Resourses */ = {
			isa = PBXGroup;
			children = (
				DE9EA30D189D0A9100E39469 /* InfoPlist.strings */,
				DE9EA30F189D0A9100E39469 /* Localizable.strings */,
				DE9EA313189D0A9100E39469 /* Sounds */,
			);
			path = Resourses;
			sourceTree = "<group>";
		};
		DE9EA313189D0A9100E39469 /* Sounds */ = {
			isa = PBXGroup;
			children = (
				DE9EA314189D0A9100E39469 /* Eminem - Rhianna.mp3 */,
				DE9EA315189D0A9100E39469 /* LMFAO - Party Rock Anthem.mp3 */,
				DE9EA316189D0A9100E39469 /* LMFAO - Sexy & I know it.mp3 */,
				DE9EA317189D0A9100E39469 /* Pink panther theme.mp3 */,
				DE9EA318189D0A9100E39469 /* Tarantella dance.mp3 */,
			);
			path = Sounds;
			sourceTree = "<group>";
		};
		DED2B5A9189826780086CD5F /* Classes */ = {
			isa = PBXGroup;
			children = (
				DED2B5AB189826780086CD5F /* EKAppDelegate.h */,
				DED2B5AC189826780086CD5F /* EKAppDelegate.m */,
				DED2B5AD189826780086CD5F /* Models */,
				DED2B5AE189826780086CD5F /* Views */,
				DED2B5AA189826780086CD5F /* Controllers */,
				DED2B5B918982C8C0086CD5F /* Helpers */,
			);
			path = Classes;
			sourceTree = "<group>";
		};
		DED2B5AA189826780086CD5F /* Controllers */ = {
			isa = PBXGroup;
			children = (
				DED2B5B0189828BE0086CD5F /* EKMenuViewController.h */,
				DED2B5B1189828BE0086CD5F /* EKMenuViewController.m */,
				DE20E51A18983ED100EA2F68 /* EKCameraViewController.h */,
				DE20E51B18983ED100EA2F68 /* EKCameraViewController.m */,
				DEE648C3189A82E700633822 /* EKImagePickerController.h */,
				DEE648C4189A82E700633822 /* EKImagePickerController.m */,
				DEC33B21189B0560005A9E67 /* EKMapViewController.h */,
				DEC33B22189B0560005A9E67 /* EKMapViewController.m */,
				DE9EA33B189DA71F00E39469 /* EKMusicPlayerViewController.h */,
				DE9EA33C189DA71F00E39469 /* EKMusicPlayerViewController.m */,
				DE59FBB3189E7F56009ED9B0 /* EKContactsViewController.h */,
				DE59FBB4189E7F56009ED9B0 /* EKContactsViewController.m */,
				DEC95A5D189F790A004A6007 /* EKGalleryViewController.h */,
				DEC95A5E189F790A004A6007 /* EKGalleryViewController.m */,
				DEC95A60189F8AA5004A6007 /* EKSettingsViewController.h */,
				DEC95A61189F8AA5004A6007 /* EKSettingsViewController.m */,
			);
			path = Controllers;
			sourceTree = "<group>";
		};
		DED2B5AD189826780086CD5F /* Models */ = {
			isa = PBXGroup;
			children = (
				DEA33AC7189BA90A000D2DBF /* EKLocation.h */,
				DEA33AC8189BA90A000D2DBF /* EKLocation.m */,
				DEC95A54189F04DD004A6007 /* EKPerson.h */,
				DEC95A55189F04DD004A6007 /* EKPerson.m */,
			);
			path = Models;
			sourceTree = "<group>";
		};
		DED2B5AE189826780086CD5F /* Views */ = {
			isa = PBXGroup;
			children = (
				DED2B5B3189829270086CD5F /* EKMenuView.h */,
				DED2B5B4189829270086CD5F /* EKMenuView.m */,
				DE92CB9F18994A41000CA82E /* EKCameraView.h */,
				DE92CBA018994A41000CA82E /* EKCameraView.m */,
				DE92CBA218994D73000CA82E /* EKCameraControl.h */,
				DE92CBA318994D73000CA82E /* EKCameraControl.m */,
				DE92CBAB1899CA21000CA82E /* EKFocusFrameView.h */,
				DE92CBAC1899CA21000CA82E /* EKFocusFrameView.m */,
				DE92CBA81899B1F6000CA82E /* EKCameraOverlayView.h */,
				DE92CBA91899B1F6000CA82E /* EKCameraOverlayView.m */,
				DEC33B24189B10D3005A9E67 /* EKMapView.h */,
				DEC33B25189B10D3005A9E67 /* EKMapView.m */,
				DEA33ACD189BFEC9000D2DBF /* EKDashboardView.h */,
				DEA33ACE189BFEC9000D2DBF /* EKDashboardView.m */,
				DED2B5B718982BFA0086CD5F /* EKMenuCell.h */,
				DED2B5B618982BFA0086CD5F /* EKMenuCell.m */,
				DE9EA330189D6EE400E39469 /* EKSongCell.h */,
				DE9EA331189D6EE400E39469 /* EKSongCell.m */,
				DE9EA33E189DAC5500E39469 /* EKMusicPlayerView.h */,
				DE9EA33F189DAC5500E39469 /* EKMusicPlayerView.m */,
				DE59FBB6189E7FBC009ED9B0 /* EKContactsView.h */,
				DE59FBB7189E7FBC009ED9B0 /* EKContactsView.m */,
				DE680149189E84B4004EB0DF /* EKContactsCell.h */,
				DE68014A189E84B4004EB0DF /* EKContactsCell.m */,
				DEC95A5A189F76EA004A6007 /* EKGalleryCell.h */,
				DEC95A5B189F76EA004A6007 /* EKGalleryCell.m */,
			);
			path = Views;
			sourceTree = "<group>";
		};
		DED2B5B918982C8C0086CD5F /* Helpers */ = {
			isa = PBXGroup;
			children = (
				DEE75F45189922B20072D03C /* Utils */,
				DEA33ACA189BE452000D2DBF /* PSLocationManager.h */,
				DEA33ACB189BE452000D2DBF /* PSLocationManager.m */,
				DE20E51E189841B600EA2F68 /* MMDrawerVisualStateManager.h */,
				DE20E51D189841B600EA2F68 /* MMDrawerVisualStateManager.m */,
				DED2B5BA18982D630086CD5F /* EKConstants.h */,
				DE20E5171898338A00EA2F68 /* EKMenuTableViewProvider.h */,
				DE20E5181898338A00EA2F68 /* EKMenuTableViewProvider.m */,
				DE9EA341189DAE3D00E39469 /* EKMusicPlayerTableViewProvider.h */,
				DE9EA342189DAE3D00E39469 /* EKMusicPlayerTableViewProvider.m */,
				DE59FBB9189E801D009ED9B0 /* EKContactsTableViewProvider.h */,
				DE59FBBA189E801D009ED9B0 /* EKContactsTableViewProvider.m */,
				DE78B8AE189DDC7F00740F12 /* EKMusicPlayer.h */,
				DE78B8AF189DDC7F00740F12 /* EKMusicPlayer.m */,
			);
			path = Helpers;
			sourceTree = "<group>";
		};
		DEE75F45189922B20072D03C /* Utils */ = {
			isa = PBXGroup;
			children = (
				DEE75F46189922B20072D03C /* EKLayoutUtil.h */,
				DEE75F47189922B20072D03C /* EKLayoutUtil.m */,
				DE92CBA518999BAA000CA82E /* EKFontsUtil.h */,
				DE92CBA618999BAA000CA82E /* EKFontsUtil.m */,
				DEE648C8189AC6FB00633822 /* EKImageProcessingUtil.h */,
				DEE648C9189AC6FB00633822 /* EKImageProcessingUtil.m */,
				DE9EA320189D109000E39469 /* EKFileSystemUtil.h */,
				DE9EA321189D109000E39469 /* EKFileSystemUtil.m */,
				DEC95A51189F04A7004A6007 /* EKAddressBookUtil.h */,
				DEC95A52189F04A7004A6007 /* EKAddressBookUtil.m */,
			);
			path = Utils;
			sourceTree = "<group>";
		};
/* End PBXGroup section */

/* Begin PBXNativeTarget section */
		DE6945DF189807A400E4E961 /* JustApp */ = {
			isa = PBXNativeTarget;
			buildConfigurationList = DE69460C189807A400E4E961 /* Build configuration list for PBXNativeTarget "JustApp" */;
			buildPhases = (
				F30EC42815277546AD5DF179 /* [CP] Check Pods Manifest.lock */,
				DE6945DC189807A400E4E961 /* Sources */,
				DE6945DD189807A400E4E961 /* Frameworks */,
				DE6945DE189807A400E4E961 /* Resources */,
				DE010B9A18ABCAEA0025F1E2 /* Refactoring candidate script */,
				DE010B9B18ABCF5A0025F1E2 /* Find all NSLogs script */,
				37AE8F2656C0D9D33F3B0B3E /* [CP] Copy Pods Resources */,
			);
			buildRules = (
			);
			dependencies = (
			);
			name = JustApp;
			productName = JustApp;
			productReference = DE6945E0189807A400E4E961 /* JustApp.app */;
			productType = "com.apple.product-type.application";
		};
		DE6945FA189807A400E4E961 /* JustAppTests */ = {
			isa = PBXNativeTarget;
			buildConfigurationList = DE69460F189807A400E4E961 /* Build configuration list for PBXNativeTarget "JustAppTests" */;
			buildPhases = (
				8C9B3FD0DA3F07E1243BD522 /* [CP] Check Pods Manifest.lock */,
				DE6945F7189807A400E4E961 /* Sources */,
				DE6945F8189807A400E4E961 /* Frameworks */,
				DE6945F9189807A400E4E961 /* Resources */,
			);
			buildRules = (
			);
			dependencies = (
				DE694601189807A400E4E961 /* PBXTargetDependency */,
			);
			name = JustAppTests;
			productName = JustAppTests;
			productReference = DE6945FB189807A400E4E961 /* JustAppTests.xctest */;
			productType = "com.apple.product-type.bundle.unit-test";
		};
/* End PBXNativeTarget section */

/* Begin PBXProject section */
		DE6945D8189807A400E4E961 /* Project object */ = {
			isa = PBXProject;
			attributes = {
				BuildIndependentTargetsInParallel = YES;
				CLASSPREFIX = EK;
				LastUpgradeCheck = 1530;
				ORGANIZATIONNAME = EvgenyKarkan;
				TargetAttributes = {
					DE6945DF189807A400E4E961 = {
						DevelopmentTeam = 7VW32GE5L3;
						SystemCapabilities = {
							com.apple.BackgroundModes = {
								enabled = 1;
							};
						};
					};
					DE6945FA189807A400E4E961 = {
						TestTargetID = DE6945DF189807A400E4E961;
					};
				};
			};
			buildConfigurationList = DE6945DB189807A400E4E961 /* Build configuration list for PBXProject "JustApp" */;
			compatibilityVersion = "Xcode 3.2";
			developmentRegion = English;
			hasScannedForEncodings = 0;
			knownRegions = (
				English,
				en,
				ru,
			);
			mainGroup = DE6945D7189807A400E4E961;
			productRefGroup = DE6945E1189807A400E4E961 /* Products */;
			projectDirPath = "";
			projectRoot = "";
			targets = (
				DE6945DF189807A400E4E961 /* JustApp */,
				DE6945FA189807A400E4E961 /* JustAppTests */,
			);
		};
/* End PBXProject section */

/* Begin PBXResourcesBuildPhase section */
		DE6945DE189807A400E4E961 /* Resources */ = {
			isa = PBXResourcesBuildPhase;
			buildActionMask = 2147483647;
			files = (
				DE6945F6189807A400E4E961 /* Images.xcassets in Resources */,
				DE9EA31C189D0A9100E39469 /* LMFAO - Party Rock Anthem.mp3 in Resources */,
				DE9EA31D189D0A9100E39469 /* LMFAO - Sexy & I know it.mp3 in Resources */,
				DE9EA31A189D0A9100E39469 /* Localizable.strings in Resources */,
				DE9EA31E189D0A9100E39469 /* Pink panther theme.mp3 in Resources */,
				DE9EA31F189D0A9100E39469 /* Tarantella dance.mp3 in Resources */,
				DE9EA319189D0A9100E39469 /* InfoPlist.strings in Resources */,
				DE9EA31B189D0A9100E39469 /* Eminem - Rhianna.mp3 in Resources */,
			);
			runOnlyForDeploymentPostprocessing = 0;
		};
		DE6945F9189807A400E4E961 /* Resources */ = {
			isa = PBXResourcesBuildPhase;
			buildActionMask = 2147483647;
			files = (
				DE694607189807A400E4E961 /* InfoPlist.strings in Resources */,
			);
			runOnlyForDeploymentPostprocessing = 0;
		};
/* End PBXResourcesBuildPhase section */

/* Begin PBXShellScriptBuildPhase section */
		37AE8F2656C0D9D33F3B0B3E /* [CP] Copy Pods Resources */ = {
			isa = PBXShellScriptBuildPhase;
			buildActionMask = 2147483647;
			files = (
			);
			inputPaths = (
				"${PODS_ROOT}/Target Support Files/Pods-JustApp/Pods-JustApp-resources.sh",
				"${PODS_CONFIGURATION_BUILD_DIR}/SDWebImage/SDWebImage.bundle",
				"${PODS_ROOT}/SVProgressHUD/SVProgressHUD/SVProgressHUD.bundle",
				"${PODS_ROOT}/SVProgressHUD/SVProgressHUD/PrivacyInfo.xcprivacy",
			);
			name = "[CP] Copy Pods Resources";
			outputPaths = (
				"${TARGET_BUILD_DIR}/${UNLOCALIZED_RESOURCES_FOLDER_PATH}/SDWebImage.bundle",
				"${TARGET_BUILD_DIR}/${UNLOCALIZED_RESOURCES_FOLDER_PATH}/SVProgressHUD.bundle",
				"${TARGET_BUILD_DIR}/${UNLOCALIZED_RESOURCES_FOLDER_PATH}/PrivacyInfo.xcprivacy",
			);
			runOnlyForDeploymentPostprocessing = 0;
			shellPath = /bin/sh;
			shellScript = "\"${PODS_ROOT}/Target Support Files/Pods-JustApp/Pods-JustApp-resources.sh\"\n";
			showEnvVarsInLog = 0;
		};
		8C9B3FD0DA3F07E1243BD522 /* [CP] Check Pods Manifest.lock */ = {
			isa = PBXShellScriptBuildPhase;
			buildActionMask = 2147483647;
			files = (
			);
			inputFileListPaths = (
			);
			inputPaths = (
				"${PODS_PODFILE_DIR_PATH}/Podfile.lock",
				"${PODS_ROOT}/Manifest.lock",
			);
			name = "[CP] Check Pods Manifest.lock";
			outputFileListPaths = (
			);
			outputPaths = (
				"$(DERIVED_FILE_DIR)/Pods-JustAppTests-checkManifestLockResult.txt",
			);
			runOnlyForDeploymentPostprocessing = 0;
			shellPath = /bin/sh;
			shellScript = "diff \"${PODS_PODFILE_DIR_PATH}/Podfile.lock\" \"${PODS_ROOT}/Manifest.lock\" > /dev/null\nif [ $? != 0 ] ; then\n    # print error to STDERR\n    echo \"error: The sandbox is not in sync with the Podfile.lock. Run 'pod install' or update your CocoaPods installation.\" >&2\n    exit 1\nfi\n# This output is used by Xcode 'outputs' to avoid re-running this script phase.\necho \"SUCCESS\" > \"${SCRIPT_OUTPUT_FILE_0}\"\n";
			showEnvVarsInLog = 0;
		};
		DE010B9A18ABCAEA0025F1E2 /* Refactoring candidate script */ = {
			isa = PBXShellScriptBuildPhase;
			buildActionMask = 2147483647;
			files = (
			);
			inputPaths = (
			);
			name = "Refactoring candidate script";
			outputPaths = (
			);
			runOnlyForDeploymentPostprocessing = 0;
			shellPath = /bin/sh;
			shellScript = "find \"${SRCROOT}\" \\( -name \"*.h\" -or -name \"*.m\" \\) -and \\( -path \"${SRCROOT}/Pods/*\" -prune -o -print0 \\) | xargs -0 wc -l | awk '$1 > 400 && $2 != \"total\" {for(i=2;i<NF;i++){printf \"%s%s\", $i, \" \"} print $NF \":1: warning: File more than 400 lines (\" $1 \"), consider refactoring.\" }'\n";
		};
		DE010B9B18ABCF5A0025F1E2 /* Find all NSLogs script */ = {
			isa = PBXShellScriptBuildPhase;
			buildActionMask = 2147483647;
			files = (
			);
			inputPaths = (
			);
			name = "Find all NSLogs script";
			outputPaths = (
			);
			runOnlyForDeploymentPostprocessing = 0;
			shellPath = /bin/sh;
			shellScript = "KEYWORDS=\"NSLog\"\nfind \"${SRCROOT}\" \\( -name \"*.h\" -or -name \"*.m\" \\) -and \\( -path \"${SRCROOT}/Pods/*\" -prune -o -print0 \\) | xargs -0 egrep --with-filename --line-number --only-matching \"($KEYWORDS).*\\$\" | perl -p -e \"s/($KEYWORDS)/ warning: \\$1/\"\n";
		};
		F30EC42815277546AD5DF179 /* [CP] Check Pods Manifest.lock */ = {
			isa = PBXShellScriptBuildPhase;
			buildActionMask = 2147483647;
			files = (
			);
			inputFileListPaths = (
			);
			inputPaths = (
				"${PODS_PODFILE_DIR_PATH}/Podfile.lock",
				"${PODS_ROOT}/Manifest.lock",
			);
			name = "[CP] Check Pods Manifest.lock";
			outputFileListPaths = (
			);
			outputPaths = (
				"$(DERIVED_FILE_DIR)/Pods-JustApp-checkManifestLockResult.txt",
			);
			runOnlyForDeploymentPostprocessing = 0;
			shellPath = /bin/sh;
			shellScript = "diff \"${PODS_PODFILE_DIR_PATH}/Podfile.lock\" \"${PODS_ROOT}/Manifest.lock\" > /dev/null\nif [ $? != 0 ] ; then\n    # print error to STDERR\n    echo \"error: The sandbox is not in sync with the Podfile.lock. Run 'pod install' or update your CocoaPods installation.\" >&2\n    exit 1\nfi\n# This output is used by Xcode 'outputs' to avoid re-running this script phase.\necho \"SUCCESS\" > \"${SCRIPT_OUTPUT_FILE_0}\"\n";
			showEnvVarsInLog = 0;
		};
/* End PBXShellScriptBuildPhase section */

/* Begin PBXSourcesBuildPhase section */
		DE6945DC189807A400E4E961 /* Sources */ = {
			isa = PBXSourcesBuildPhase;
			buildActionMask = 2147483647;
			files = (
				DEE648CA189AC6FB00633822 /* EKImageProcessingUtil.m in Sources */,
				DEA33ACC189BE452000D2DBF /* PSLocationManager.m in Sources */,
				DE9EA332189D6EE400E39469 /* EKSongCell.m in Sources */,
				DEE648C5189A82E700633822 /* EKImagePickerController.m in Sources */,
				DE92CBAA1899B1F6000CA82E /* EKCameraOverlayView.m in Sources */,
				DE92CBA718999BAA000CA82E /* EKFontsUtil.m in Sources */,
				DED2B5B2189828BE0086CD5F /* EKMenuViewController.m in Sources */,
				DE20E5191898338A00EA2F68 /* EKMenuTableViewProvider.m in Sources */,
				DED2B5AF189826780086CD5F /* EKAppDelegate.m in Sources */,
				DEC95A62189F8AA5004A6007 /* EKSettingsViewController.m in Sources */,
				DE92CBA118994A41000CA82E /* EKCameraView.m in Sources */,
				DE9EA343189DAE3D00E39469 /* EKMusicPlayerTableViewProvider.m in Sources */,
				DE20E51C18983ED100EA2F68 /* EKCameraViewController.m in Sources */,
				DEC33B26189B10D3005A9E67 /* EKMapView.m in Sources */,
				DEC95A53189F04A7004A6007 /* EKAddressBookUtil.m in Sources */,
				DE9EA340189DAC5500E39469 /* EKMusicPlayerView.m in Sources */,
				DEA33ACF189BFEC9000D2DBF /* EKDashboardView.m in Sources */,
				DEC95A56189F04DD004A6007 /* EKPerson.m in Sources */,
				DEC33B23189B0560005A9E67 /* EKMapViewController.m in Sources */,
				DEC95A5F189F790A004A6007 /* EKGalleryViewController.m in Sources */,
				DE78B8B0189DDC7F00740F12 /* EKMusicPlayer.m in Sources */,
				DED2B5B818982BFA0086CD5F /* EKMenuCell.m in Sources */,
				DE9EA322189D109000E39469 /* EKFileSystemUtil.m in Sources */,
				DE6945F0189807A400E4E961 /* main.m in Sources */,
				DEC95A5C189F76EA004A6007 /* EKGalleryCell.m in Sources */,
				DE20E51F189841B600EA2F68 /* MMDrawerVisualStateManager.m in Sources */,
				DE92CBA418994D73000CA82E /* EKCameraControl.m in Sources */,
				DE92CBAD1899CA21000CA82E /* EKFocusFrameView.m in Sources */,
				DE59FBBB189E801D009ED9B0 /* EKContactsTableViewProvider.m in Sources */,
				DE59FBB5189E7F56009ED9B0 /* EKContactsViewController.m in Sources */,
				DE68014B189E84B4004EB0DF /* EKContactsCell.m in Sources */,
				DED2B5B5189829270086CD5F /* EKMenuView.m in Sources */,
				DE59FBB8189E7FBC009ED9B0 /* EKContactsView.m in Sources */,
				DE9EA33D189DA71F00E39469 /* EKMusicPlayerViewController.m in Sources */,
				DEE75F48189922B20072D03C /* EKLayoutUtil.m in Sources */,
				DEA33AC9189BA90A000D2DBF /* EKLocation.m in Sources */,
			);
			runOnlyForDeploymentPostprocessing = 0;
		};
		DE6945F7189807A400E4E961 /* Sources */ = {
			isa = PBXSourcesBuildPhase;
			buildActionMask = 2147483647;
			files = (
				DE694609189807A400E4E961 /* JustAppTests.m in Sources */,
			);
			runOnlyForDeploymentPostprocessing = 0;
		};
/* End PBXSourcesBuildPhase section */

/* Begin PBXTargetDependency section */
		DE694601189807A400E4E961 /* PBXTargetDependency */ = {
			isa = PBXTargetDependency;
			target = DE6945DF189807A400E4E961 /* JustApp */;
			targetProxy = DE694600189807A400E4E961 /* PBXContainerItemProxy */;
		};
/* End PBXTargetDependency section */

/* Begin PBXVariantGroup section */
		DE694605189807A400E4E961 /* InfoPlist.strings */ = {
			isa = PBXVariantGroup;
			children = (
				DE694606189807A400E4E961 /* en */,
				DEA33ADD189C60FC000D2DBF /* ru */,
			);
			name = InfoPlist.strings;
			sourceTree = "<group>";
		};
		DE9EA30D189D0A9100E39469 /* InfoPlist.strings */ = {
			isa = PBXVariantGroup;
			children = (
				DE9EA30E189D0A9100E39469 /* en */,
				DE9EA311189D0A9100E39469 /* ru */,
			);
			name = InfoPlist.strings;
			sourceTree = "<group>";
		};
		DE9EA30F189D0A9100E39469 /* Localizable.strings */ = {
			isa = PBXVariantGroup;
			children = (
				DE9EA310189D0A9100E39469 /* en */,
				DE9EA312189D0A9100E39469 /* ru */,
			);
			name = Localizable.strings;
			sourceTree = "<group>";
		};
/* End PBXVariantGroup section */

/* Begin XCBuildConfiguration section */
		DE69460A189807A400E4E961 /* Debug */ = {
			isa = XCBuildConfiguration;
			buildSettings = {
				ALWAYS_SEARCH_USER_PATHS = NO;
				CLANG_ANALYZER_LOCALIZABILITY_NONLOCALIZED = YES;
				CLANG_CXX_LANGUAGE_STANDARD = "gnu++0x";
				CLANG_CXX_LIBRARY = "libc++";
				CLANG_ENABLE_MODULES = YES;
				CLANG_ENABLE_OBJC_ARC = YES;
				CLANG_WARN_BLOCK_CAPTURE_AUTORELEASING = YES;
				CLANG_WARN_BOOL_CONVERSION = YES;
				CLANG_WARN_COMMA = YES;
				CLANG_WARN_CONSTANT_CONVERSION = YES;
				CLANG_WARN_DEPRECATED_OBJC_IMPLEMENTATIONS = YES;
				CLANG_WARN_DIRECT_OBJC_ISA_USAGE = YES_ERROR;
				CLANG_WARN_EMPTY_BODY = YES;
				CLANG_WARN_ENUM_CONVERSION = YES;
				CLANG_WARN_INFINITE_RECURSION = YES;
				CLANG_WARN_INT_CONVERSION = YES;
				CLANG_WARN_NON_LITERAL_NULL_CONVERSION = YES;
				CLANG_WARN_OBJC_IMPLICIT_RETAIN_SELF = YES;
				CLANG_WARN_OBJC_LITERAL_CONVERSION = YES;
				CLANG_WARN_OBJC_ROOT_CLASS = YES_ERROR;
				CLANG_WARN_QUOTED_INCLUDE_IN_FRAMEWORK_HEADER = YES;
				CLANG_WARN_RANGE_LOOP_ANALYSIS = YES;
				CLANG_WARN_STRICT_PROTOTYPES = YES;
				CLANG_WARN_SUSPICIOUS_MOVE = YES;
				CLANG_WARN_UNREACHABLE_CODE = YES;
				CLANG_WARN__DUPLICATE_METHOD_MATCH = YES;
				CODE_SIGN_IDENTITY = "iPhone Developer: Yevgeniy Karkan (3YZNAVUC8R)";
				"CODE_SIGN_IDENTITY[sdk=iphoneos*]" = "iPhone Developer: Yevgeniy Karkan (3YZNAVUC8R)";
				COPY_PHASE_STRIP = NO;
				ENABLE_STRICT_OBJC_MSGSEND = YES;
				ENABLE_TESTABILITY = YES;
				ENABLE_USER_SCRIPT_SANDBOXING = YES;
				GCC_C_LANGUAGE_STANDARD = gnu99;
				GCC_DYNAMIC_NO_PIC = NO;
				GCC_NO_COMMON_BLOCKS = YES;
				GCC_OPTIMIZATION_LEVEL = 0;
				GCC_PREPROCESSOR_DEFINITIONS = (
					"DEBUG=1",
					"$(inherited)",
				);
				GCC_SYMBOLS_PRIVATE_EXTERN = NO;
				GCC_WARN_64_TO_32_BIT_CONVERSION = YES;
				GCC_WARN_ABOUT_RETURN_TYPE = YES_ERROR;
				GCC_WARN_UNDECLARED_SELECTOR = YES;
				GCC_WARN_UNINITIALIZED_AUTOS = YES;
				GCC_WARN_UNUSED_FUNCTION = YES;
				GCC_WARN_UNUSED_VARIABLE = YES;
				IPHONEOS_DEPLOYMENT_TARGET = 14.0;
				ONLY_ACTIVE_ARCH = YES;
				SDKROOT = iphoneos;
				TARGETED_DEVICE_FAMILY = "1,2";
			};
			name = Debug;
		};
		DE69460B189807A400E4E961 /* Release */ = {
			isa = XCBuildConfiguration;
			buildSettings = {
				ALWAYS_SEARCH_USER_PATHS = NO;
				CLANG_ANALYZER_LOCALIZABILITY_NONLOCALIZED = YES;
				CLANG_CXX_LANGUAGE_STANDARD = "gnu++0x";
				CLANG_CXX_LIBRARY = "libc++";
				CLANG_ENABLE_MODULES = YES;
				CLANG_ENABLE_OBJC_ARC = YES;
				CLANG_WARN_BLOCK_CAPTURE_AUTORELEASING = YES;
				CLANG_WARN_BOOL_CONVERSION = YES;
				CLANG_WARN_COMMA = YES;
				CLANG_WARN_CONSTANT_CONVERSION = YES;
				CLANG_WARN_DEPRECATED_OBJC_IMPLEMENTATIONS = YES;
				CLANG_WARN_DIRECT_OBJC_ISA_USAGE = YES_ERROR;
				CLANG_WARN_EMPTY_BODY = YES;
				CLANG_WARN_ENUM_CONVERSION = YES;
				CLANG_WARN_INFINITE_RECURSION = YES;
				CLANG_WARN_INT_CONVERSION = YES;
				CLANG_WARN_NON_LITERAL_NULL_CONVERSION = YES;
				CLANG_WARN_OBJC_IMPLICIT_RETAIN_SELF = YES;
				CLANG_WARN_OBJC_LITERAL_CONVERSION = YES;
				CLANG_WARN_OBJC_ROOT_CLASS = YES_ERROR;
				CLANG_WARN_QUOTED_INCLUDE_IN_FRAMEWORK_HEADER = YES;
				CLANG_WARN_RANGE_LOOP_ANALYSIS = YES;
				CLANG_WARN_STRICT_PROTOTYPES = YES;
				CLANG_WARN_SUSPICIOUS_MOVE = YES;
				CLANG_WARN_UNREACHABLE_CODE = YES;
				CLANG_WARN__DUPLICATE_METHOD_MATCH = YES;
				CODE_SIGN_IDENTITY = "iPhone Distribution: Yevgeniy Karkan (7VW32GE5L3)";
				"CODE_SIGN_IDENTITY[sdk=iphoneos*]" = "iPhone Distribution: Yevgeniy Karkan (7VW32GE5L3)";
				COPY_PHASE_STRIP = YES;
				ENABLE_NS_ASSERTIONS = NO;
				ENABLE_STRICT_OBJC_MSGSEND = YES;
				ENABLE_USER_SCRIPT_SANDBOXING = YES;
				GCC_C_LANGUAGE_STANDARD = gnu99;
				GCC_NO_COMMON_BLOCKS = YES;
				GCC_WARN_64_TO_32_BIT_CONVERSION = YES;
				GCC_WARN_ABOUT_RETURN_TYPE = YES_ERROR;
				GCC_WARN_UNDECLARED_SELECTOR = YES;
				GCC_WARN_UNINITIALIZED_AUTOS = YES;
				GCC_WARN_UNUSED_FUNCTION = YES;
				GCC_WARN_UNUSED_VARIABLE = YES;
				IPHONEOS_DEPLOYMENT_TARGET = 14.0;
				SDKROOT = iphoneos;
				TARGETED_DEVICE_FAMILY = "1,2";
				VALIDATE_PRODUCT = YES;
			};
			name = Release;
		};
		DE69460D189807A400E4E961 /* Debug */ = {
			isa = XCBuildConfiguration;
			baseConfigurationReference = DF1CB50869DEFB56530657A5 /* Pods-JustApp.debug.xcconfig */;
			buildSettings = {
				ASSETCATALOG_COMPILER_APPICON_NAME = AppIcon;
				ASSETCATALOG_COMPILER_LAUNCHIMAGE_NAME = LaunchImage;
				CODE_SIGN_IDENTITY = "iPhone Developer: Yevgeniy Karkan (3YZNAVUC8R)";
				"CODE_SIGN_IDENTITY[sdk=iphoneos*]" = "iPhone Developer: Yevgeniy Karkan (3YZNAVUC8R)";
				ENABLE_USER_SCRIPT_SANDBOXING = NO;
				GCC_PRECOMPILE_PREFIX_HEADER = YES;
				GCC_PREFIX_HEADER = "JustApp/JustApp-Prefix.pch";
				INFOPLIST_FILE = "JustApp/JustApp-Info.plist";
				IPHONEOS_DEPLOYMENT_TARGET = 14.0;
				PRODUCT_BUNDLE_IDENTIFIER = "com.evgenykarkan.${PRODUCT_NAME:rfc1034identifier}";
				PRODUCT_NAME = "$(TARGET_NAME)";
				PROVISIONING_PROFILE = "";
				WRAPPER_EXTENSION = app;
			};
			name = Debug;
		};
		DE69460E189807A400E4E961 /* Release */ = {
			isa = XCBuildConfiguration;
			baseConfigurationReference = 345A9C304F19FDEDA3BE0F24 /* Pods-JustApp.release.xcconfig */;
			buildSettings = {
				ASSETCATALOG_COMPILER_APPICON_NAME = AppIcon;
				ASSETCATALOG_COMPILER_LAUNCHIMAGE_NAME = LaunchImage;
				CODE_SIGN_IDENTITY = "iPhone Distribution: Yevgeniy Karkan (7VW32GE5L3)";
				"CODE_SIGN_IDENTITY[sdk=iphoneos*]" = "iPhone Distribution: Yevgeniy Karkan (7VW32GE5L3)";
				GCC_PRECOMPILE_PREFIX_HEADER = YES;
				GCC_PREFIX_HEADER = "JustApp/JustApp-Prefix.pch";
				INFOPLIST_FILE = "JustApp/JustApp-Info.plist";
				IPHONEOS_DEPLOYMENT_TARGET = 14.0;
				PRODUCT_BUNDLE_IDENTIFIER = "com.evgenykarkan.${PRODUCT_NAME:rfc1034identifier}";
				PRODUCT_NAME = "$(TARGET_NAME)";
				PROVISIONING_PROFILE = "";
				WRAPPER_EXTENSION = app;
			};
			name = Release;
		};
		DE694610189807A400E4E961 /* Debug */ = {
			isa = XCBuildConfiguration;
			baseConfigurationReference = 53B271AE9E997D16315DE318 /* Pods-JustAppTests.debug.xcconfig */;
			buildSettings = {
				BUNDLE_LOADER = "$(BUILT_PRODUCTS_DIR)/JustApp.app/JustApp";
				FRAMEWORK_SEARCH_PATHS = (
					"$(SDKROOT)/Developer/Library/Frameworks",
					"$(inherited)",
					"$(DEVELOPER_FRAMEWORKS_DIR)",
				);
				GCC_PRECOMPILE_PREFIX_HEADER = YES;
				GCC_PREFIX_HEADER = "JustApp/JustApp-Prefix.pch";
				GCC_PREPROCESSOR_DEFINITIONS = (
					"DEBUG=1",
					"$(inherited)",
				);
				INFOPLIST_FILE = "JustAppTests/JustAppTests-Info.plist";
				PRODUCT_BUNDLE_IDENTIFIER = "com.evgenykarkan.${PRODUCT_NAME:rfc1034identifier}";
				PRODUCT_NAME = "$(TARGET_NAME)";
				TEST_HOST = "$(BUNDLE_LOADER)";
				WRAPPER_EXTENSION = xctest;
			};
			name = Debug;
		};
		DE694611189807A400E4E961 /* Release */ = {
			isa = XCBuildConfiguration;
			baseConfigurationReference = 2B065D93DE386AB09409DD81 /* Pods-JustAppTests.release.xcconfig */;
			buildSettings = {
				BUNDLE_LOADER = "$(BUILT_PRODUCTS_DIR)/JustApp.app/JustApp";
				FRAMEWORK_SEARCH_PATHS = (
					"$(SDKROOT)/Developer/Library/Frameworks",
					"$(inherited)",
					"$(DEVELOPER_FRAMEWORKS_DIR)",
				);
				GCC_PRECOMPILE_PREFIX_HEADER = YES;
				GCC_PREFIX_HEADER = "JustApp/JustApp-Prefix.pch";
				INFOPLIST_FILE = "JustAppTests/JustAppTests-Info.plist";
				PRODUCT_BUNDLE_IDENTIFIER = "com.evgenykarkan.${PRODUCT_NAME:rfc1034identifier}";
				PRODUCT_NAME = "$(TARGET_NAME)";
				TEST_HOST = "$(BUNDLE_LOADER)";
				WRAPPER_EXTENSION = xctest;
			};
			name = Release;
		};
/* End XCBuildConfiguration section */

/* Begin XCConfigurationList section */
		DE6945DB189807A400E4E961 /* Build configuration list for PBXProject "JustApp" */ = {
			isa = XCConfigurationList;
			buildConfigurations = (
				DE69460A189807A400E4E961 /* Debug */,
				DE69460B189807A400E4E961 /* Release */,
			);
			defaultConfigurationIsVisible = 0;
			defaultConfigurationName = Release;
		};
		DE69460C189807A400E4E961 /* Build configuration list for PBXNativeTarget "JustApp" */ = {
			isa = XCConfigurationList;
			buildConfigurations = (
				DE69460D189807A400E4E961 /* Debug */,
				DE69460E189807A400E4E961 /* Release */,
			);
			defaultConfigurationIsVisible = 0;
			defaultConfigurationName = Release;
		};
		DE69460F189807A400E4E961 /* Build configuration list for PBXNativeTarget "JustAppTests" */ = {
			isa = XCConfigurationList;
			buildConfigurations = (
				DE694610189807A400E4E961 /* Debug */,
				DE694611189807A400E4E961 /* Release */,
			);
			defaultConfigurationIsVisible = 0;
			defaultConfigurationName = Release;
		};
/* End XCConfigurationList section */
	};
	rootObject = DE6945D8189807A400E4E961 /* Project object */;
}
