PODS:
  - DDExpandableButton (1.0.0)
  - MMDrawerController (0.5.1):
    - MMDrawerController/Core
    - MMDrawerController/MMDrawerBarButtonItem
    - MMDrawerController/MMDrawerVisualStates
    - MMDrawerController/Subclass
  - MMDrawerController/Core (0.5.1)
  - MMDrawerController/MMDrawerBarButtonItem (0.5.1):
    - MMDrawerController/Core
  - MMDrawerController/MMDrawerVisualStates (0.5.1):
    - MMDrawerController/Core
  - MMDrawerController/Subclass (0.5.1):
    - MMDrawerController/Core
  - SVProgressHUD (1.0)

DEPENDENCIES:
  - DDExpandableButton
  - MMDrawerController
  - SVProgressHUD

SPEC CHECKSUMS:
  DDExpandableButton: 0ba1536af0633b0c73701f9a8321e7233970ec67
  MMDrawerController: 3e22aec684dbee5307ff9d1e76523003a3303a2d
  SVProgressHUD: 5e10939a296debf5fe5a5895eda9539b8b2114f1

COCOAPODS: 0.29.0
